
Microsoft Visual Studio Solution File, Format Version 12.00
# Visual Studio 15
VisualStudioVersion = 15.0.27703.2042
MinimumVisualStudioVersion = 10.0.40219.1
Project("{8BC9CEB8-8B4A-11D0-8D11-00A0C91BC942}") = "01_参数异常类", "01_参数异常类\01_参数异常类.vcxproj", "{BFE8A50D-DCDE-4A3A-B517-4D6858FEF8B5}"
EndProject
Project("{8BC9CEB8-8B4A-11D0-8D11-00A0C91BC942}") = "02_线性表_数组描述", "02_线性表_数组描述\02_线性表_数组描述.vcxproj", "{A6136439-3702-46DF-B60A-86A6A24AF14B}"
EndProject
Project("{8BC9CEB8-8B4A-11D0-8D11-00A0C91BC942}") = "03_线性表_链式描述", "03_线性表_链式描述\03_线性表_链式描述.vcxproj", "{430E5087-F6A5-4ED8-BE74-017947C07AB4}"
EndProject
Project("{8BC9CEB8-8B4A-11D0-8D11-00A0C91BC942}") = "04_箱子排序_需要用到链表", "04_箱子排序_需要用到链表\04_箱子排序_需要用到链表.vcxproj", "{F8183DC1-75C3-45F5-917A-A3AB1D26553B}"
EndProject
Project("{8BC9CEB8-8B4A-11D0-8D11-00A0C91BC942}") = "05_基数排序", "05_基数排序\05_基数排序.vcxproj", "{A17AC3EA-3E06-42C4-A151-F15D5CC73931}"
EndProject
Project("{8BC9CEB8-8B4A-11D0-8D11-00A0C91BC942}") = "06_凸包问题[未完成]", "06_凸包问题\06_凸包问题.vcxproj", "{D2ADA069-0D07-4860-885F-C20EA007CA3C}"
EndProject
Project("{8BC9CEB8-8B4A-11D0-8D11-00A0C91BC942}") = "07_机器调度问题_在线并查集", "07_机器调度问题_在线并查集\07_机器调度问题_在线并查集.vcxproj", "{68933478-AA33-42A4-9811-40FFD47825CA}"
EndProject
Project("{8BC9CEB8-8B4A-11D0-8D11-00A0C91BC942}") = "08_一元多项式_链表", "08_一元多项式_链表\08_一元多项式_链表.vcxproj", "{CFF48FF2-6A06-4EE3-8204-A7F406FE0B8B}"
EndProject
Project("{8BC9CEB8-8B4A-11D0-8D11-00A0C91BC942}") = "09_栈_数组描述", "09_栈_数组描述\09_栈_数组描述.vcxproj", "{8125A8D7-0939-499B-8477-3AA1AAD18B63}"
EndProject
Project("{8BC9CEB8-8B4A-11D0-8D11-00A0C91BC942}") = "10_栈_链式描述", "10_栈_链式描述\10_栈_链式描述.vcxproj", "{F164FC82-F5F4-4246-B572-578BBBCC46DF}"
EndProject
Project("{8BC9CEB8-8B4A-11D0-8D11-00A0C91BC942}") = "11_栈应用_括号匹配", "11_栈应用_括号匹配\11_栈应用_括号匹配.vcxproj", "{49D67B78-18FE-4E81-9CE0-7A4BCA551B5A}"
EndProject
Project("{8BC9CEB8-8B4A-11D0-8D11-00A0C91BC942}") = "12_栈应用_汉诺塔", "12_栈应用_汉诺塔\12_栈应用_汉诺塔.vcxproj", "{2C6AE48F-D55D-4F78-B2A2-E796608BBA2E}"
EndProject
Project("{8BC9CEB8-8B4A-11D0-8D11-00A0C91BC942}") = "13_栈应用_车厢重排", "13_栈应用_车厢重排\13_栈应用_车厢重排.vcxproj", "{E53CDD59-E344-4E51-B621-E45E66074943}"
EndProject
Project("{8BC9CEB8-8B4A-11D0-8D11-00A0C91BC942}") = "14_栈应用_开关布线", "14_栈应用_开关布线\14_栈应用_开关布线.vcxproj", "{CE8A522D-88CB-4908-BB9A-678A40E8C8EA}"
EndProject
Project("{8BC9CEB8-8B4A-11D0-8D11-00A0C91BC942}") = "15_栈应用_离线等价类问题", "15_栈应用_离线等价类问题\15_栈应用_离线等价类问题.vcxproj", "{AC08FE7C-F440-4EF4-A711-A7A84C9228E1}"
EndProject
Project("{8BC9CEB8-8B4A-11D0-8D11-00A0C91BC942}") = "16_栈应用_迷宫路径", "16_栈应用_迷宫路径\16_栈应用_迷宫路径.vcxproj", "{6F0EDC44-3DB8-4AAD-8BC0-909E466462DE}"
EndProject
Project("{8BC9CEB8-8B4A-11D0-8D11-00A0C91BC942}") = "17_队列_抽象类", "17_队列_抽象类\17_队列_抽象类.vcxproj", "{8BFEF334-C64A-48A0-8BF2-11921E0442CF}"
EndProject
Project("{8BC9CEB8-8B4A-11D0-8D11-00A0C91BC942}") = "18_队列_数组描述", "18_队列_数组描述\18_队列_数组描述.vcxproj", "{98D09F47-0CB3-4593-844E-5F55B087D2A8}"
EndProject
Project("{8BC9CEB8-8B4A-11D0-8D11-00A0C91BC942}") = "19_队列_链表描述", "19_队列_链表描述\19_队列_链表描述.vcxproj", "{811E5EDA-9170-452D-8E1A-CFE30D18FAFC}"
EndProject
Project("{8BC9CEB8-8B4A-11D0-8D11-00A0C91BC942}") = "20_队列应用_列车车厢重排", "20_队列应用_列车车厢重排\20_队列应用_列车车厢重排.vcxproj", "{43D8BCEE-B7C3-4656-907F-9B020EF3CDA8}"
EndProject
Global
	GlobalSection(SolutionConfigurationPlatforms) = preSolution
		Debug|x64 = Debug|x64
		Debug|x86 = Debug|x86
		Release|x64 = Release|x64
		Release|x86 = Release|x86
	EndGlobalSection
	GlobalSection(ProjectConfigurationPlatforms) = postSolution
		{BFE8A50D-DCDE-4A3A-B517-4D6858FEF8B5}.Debug|x64.ActiveCfg = Debug|x64
		{BFE8A50D-DCDE-4A3A-B517-4D6858FEF8B5}.Debug|x64.Build.0 = Debug|x64
		{BFE8A50D-DCDE-4A3A-B517-4D6858FEF8B5}.Debug|x86.ActiveCfg = Debug|Win32
		{BFE8A50D-DCDE-4A3A-B517-4D6858FEF8B5}.Debug|x86.Build.0 = Debug|Win32
		{BFE8A50D-DCDE-4A3A-B517-4D6858FEF8B5}.Release|x64.ActiveCfg = Release|x64
		{BFE8A50D-DCDE-4A3A-B517-4D6858FEF8B5}.Release|x64.Build.0 = Release|x64
		{BFE8A50D-DCDE-4A3A-B517-4D6858FEF8B5}.Release|x86.ActiveCfg = Release|Win32
		{BFE8A50D-DCDE-4A3A-B517-4D6858FEF8B5}.Release|x86.Build.0 = Release|Win32
		{A6136439-3702-46DF-B60A-86A6A24AF14B}.Debug|x64.ActiveCfg = Debug|x64
		{A6136439-3702-46DF-B60A-86A6A24AF14B}.Debug|x64.Build.0 = Debug|x64
		{A6136439-3702-46DF-B60A-86A6A24AF14B}.Debug|x86.ActiveCfg = Debug|Win32
		{A6136439-3702-46DF-B60A-86A6A24AF14B}.Debug|x86.Build.0 = Debug|Win32
		{A6136439-3702-46DF-B60A-86A6A24AF14B}.Release|x64.ActiveCfg = Release|x64
		{A6136439-3702-46DF-B60A-86A6A24AF14B}.Release|x64.Build.0 = Release|x64
		{A6136439-3702-46DF-B60A-86A6A24AF14B}.Release|x86.ActiveCfg = Release|Win32
		{A6136439-3702-46DF-B60A-86A6A24AF14B}.Release|x86.Build.0 = Release|Win32
		{430E5087-F6A5-4ED8-BE74-017947C07AB4}.Debug|x64.ActiveCfg = Debug|x64
		{430E5087-F6A5-4ED8-BE74-017947C07AB4}.Debug|x64.Build.0 = Debug|x64
		{430E5087-F6A5-4ED8-BE74-017947C07AB4}.Debug|x86.ActiveCfg = Debug|Win32
		{430E5087-F6A5-4ED8-BE74-017947C07AB4}.Debug|x86.Build.0 = Debug|Win32
		{430E5087-F6A5-4ED8-BE74-017947C07AB4}.Release|x64.ActiveCfg = Release|x64
		{430E5087-F6A5-4ED8-BE74-017947C07AB4}.Release|x64.Build.0 = Release|x64
		{430E5087-F6A5-4ED8-BE74-017947C07AB4}.Release|x86.ActiveCfg = Release|Win32
		{430E5087-F6A5-4ED8-BE74-017947C07AB4}.Release|x86.Build.0 = Release|Win32
		{F8183DC1-75C3-45F5-917A-A3AB1D26553B}.Debug|x64.ActiveCfg = Debug|x64
		{F8183DC1-75C3-45F5-917A-A3AB1D26553B}.Debug|x64.Build.0 = Debug|x64
		{F8183DC1-75C3-45F5-917A-A3AB1D26553B}.Debug|x86.ActiveCfg = Debug|Win32
		{F8183DC1-75C3-45F5-917A-A3AB1D26553B}.Debug|x86.Build.0 = Debug|Win32
		{F8183DC1-75C3-45F5-917A-A3AB1D26553B}.Release|x64.ActiveCfg = Release|x64
		{F8183DC1-75C3-45F5-917A-A3AB1D26553B}.Release|x64.Build.0 = Release|x64
		{F8183DC1-75C3-45F5-917A-A3AB1D26553B}.Release|x86.ActiveCfg = Release|Win32
		{F8183DC1-75C3-45F5-917A-A3AB1D26553B}.Release|x86.Build.0 = Release|Win32
		{A17AC3EA-3E06-42C4-A151-F15D5CC73931}.Debug|x64.ActiveCfg = Debug|x64
		{A17AC3EA-3E06-42C4-A151-F15D5CC73931}.Debug|x64.Build.0 = Debug|x64
		{A17AC3EA-3E06-42C4-A151-F15D5CC73931}.Debug|x86.ActiveCfg = Debug|Win32
		{A17AC3EA-3E06-42C4-A151-F15D5CC73931}.Debug|x86.Build.0 = Debug|Win32
		{A17AC3EA-3E06-42C4-A151-F15D5CC73931}.Release|x64.ActiveCfg = Release|x64
		{A17AC3EA-3E06-42C4-A151-F15D5CC73931}.Release|x64.Build.0 = Release|x64
		{A17AC3EA-3E06-42C4-A151-F15D5CC73931}.Release|x86.ActiveCfg = Release|Win32
		{A17AC3EA-3E06-42C4-A151-F15D5CC73931}.Release|x86.Build.0 = Release|Win32
		{D2ADA069-0D07-4860-885F-C20EA007CA3C}.Debug|x64.ActiveCfg = Debug|x64
		{D2ADA069-0D07-4860-885F-C20EA007CA3C}.Debug|x64.Build.0 = Debug|x64
		{D2ADA069-0D07-4860-885F-C20EA007CA3C}.Debug|x86.ActiveCfg = Debug|Win32
		{D2ADA069-0D07-4860-885F-C20EA007CA3C}.Debug|x86.Build.0 = Debug|Win32
		{D2ADA069-0D07-4860-885F-C20EA007CA3C}.Release|x64.ActiveCfg = Release|x64
		{D2ADA069-0D07-4860-885F-C20EA007CA3C}.Release|x64.Build.0 = Release|x64
		{D2ADA069-0D07-4860-885F-C20EA007CA3C}.Release|x86.ActiveCfg = Release|Win32
		{D2ADA069-0D07-4860-885F-C20EA007CA3C}.Release|x86.Build.0 = Release|Win32
		{68933478-AA33-42A4-9811-40FFD47825CA}.Debug|x64.ActiveCfg = Debug|x64
		{68933478-AA33-42A4-9811-40FFD47825CA}.Debug|x64.Build.0 = Debug|x64
		{68933478-AA33-42A4-9811-40FFD47825CA}.Debug|x86.ActiveCfg = Debug|Win32
		{68933478-AA33-42A4-9811-40FFD47825CA}.Debug|x86.Build.0 = Debug|Win32
		{68933478-AA33-42A4-9811-40FFD47825CA}.Release|x64.ActiveCfg = Release|x64
		{68933478-AA33-42A4-9811-40FFD47825CA}.Release|x64.Build.0 = Release|x64
		{68933478-AA33-42A4-9811-40FFD47825CA}.Release|x86.ActiveCfg = Release|Win32
		{68933478-AA33-42A4-9811-40FFD47825CA}.Release|x86.Build.0 = Release|Win32
		{CFF48FF2-6A06-4EE3-8204-A7F406FE0B8B}.Debug|x64.ActiveCfg = Debug|x64
		{CFF48FF2-6A06-4EE3-8204-A7F406FE0B8B}.Debug|x64.Build.0 = Debug|x64
		{CFF48FF2-6A06-4EE3-8204-A7F406FE0B8B}.Debug|x86.ActiveCfg = Debug|Win32
		{CFF48FF2-6A06-4EE3-8204-A7F406FE0B8B}.Debug|x86.Build.0 = Debug|Win32
		{CFF48FF2-6A06-4EE3-8204-A7F406FE0B8B}.Release|x64.ActiveCfg = Release|x64
		{CFF48FF2-6A06-4EE3-8204-A7F406FE0B8B}.Release|x64.Build.0 = Release|x64
		{CFF48FF2-6A06-4EE3-8204-A7F406FE0B8B}.Release|x86.ActiveCfg = Release|Win32
		{CFF48FF2-6A06-4EE3-8204-A7F406FE0B8B}.Release|x86.Build.0 = Release|Win32
		{8125A8D7-0939-499B-8477-3AA1AAD18B63}.Debug|x64.ActiveCfg = Debug|x64
		{8125A8D7-0939-499B-8477-3AA1AAD18B63}.Debug|x64.Build.0 = Debug|x64
		{8125A8D7-0939-499B-8477-3AA1AAD18B63}.Debug|x86.ActiveCfg = Debug|Win32
		{8125A8D7-0939-499B-8477-3AA1AAD18B63}.Debug|x86.Build.0 = Debug|Win32
		{8125A8D7-0939-499B-8477-3AA1AAD18B63}.Release|x64.ActiveCfg = Release|x64
		{8125A8D7-0939-499B-8477-3AA1AAD18B63}.Release|x64.Build.0 = Release|x64
		{8125A8D7-0939-499B-8477-3AA1AAD18B63}.Release|x86.ActiveCfg = Release|Win32
		{8125A8D7-0939-499B-8477-3AA1AAD18B63}.Release|x86.Build.0 = Release|Win32
		{F164FC82-F5F4-4246-B572-578BBBCC46DF}.Debug|x64.ActiveCfg = Debug|x64
		{F164FC82-F5F4-4246-B572-578BBBCC46DF}.Debug|x64.Build.0 = Debug|x64
		{F164FC82-F5F4-4246-B572-578BBBCC46DF}.Debug|x86.ActiveCfg = Debug|Win32
		{F164FC82-F5F4-4246-B572-578BBBCC46DF}.Debug|x86.Build.0 = Debug|Win32
		{F164FC82-F5F4-4246-B572-578BBBCC46DF}.Release|x64.ActiveCfg = Release|x64
		{F164FC82-F5F4-4246-B572-578BBBCC46DF}.Release|x64.Build.0 = Release|x64
		{F164FC82-F5F4-4246-B572-578BBBCC46DF}.Release|x86.ActiveCfg = Release|Win32
		{F164FC82-F5F4-4246-B572-578BBBCC46DF}.Release|x86.Build.0 = Release|Win32
		{49D67B78-18FE-4E81-9CE0-7A4BCA551B5A}.Debug|x64.ActiveCfg = Debug|x64
		{49D67B78-18FE-4E81-9CE0-7A4BCA551B5A}.Debug|x64.Build.0 = Debug|x64
		{49D67B78-18FE-4E81-9CE0-7A4BCA551B5A}.Debug|x86.ActiveCfg = Debug|Win32
		{49D67B78-18FE-4E81-9CE0-7A4BCA551B5A}.Debug|x86.Build.0 = Debug|Win32
		{49D67B78-18FE-4E81-9CE0-7A4BCA551B5A}.Release|x64.ActiveCfg = Release|x64
		{49D67B78-18FE-4E81-9CE0-7A4BCA551B5A}.Release|x64.Build.0 = Release|x64
		{49D67B78-18FE-4E81-9CE0-7A4BCA551B5A}.Release|x86.ActiveCfg = Release|Win32
		{49D67B78-18FE-4E81-9CE0-7A4BCA551B5A}.Release|x86.Build.0 = Release|Win32
		{2C6AE48F-D55D-4F78-B2A2-E796608BBA2E}.Debug|x64.ActiveCfg = Debug|x64
		{2C6AE48F-D55D-4F78-B2A2-E796608BBA2E}.Debug|x64.Build.0 = Debug|x64
		{2C6AE48F-D55D-4F78-B2A2-E796608BBA2E}.Debug|x86.ActiveCfg = Debug|Win32
		{2C6AE48F-D55D-4F78-B2A2-E796608BBA2E}.Debug|x86.Build.0 = Debug|Win32
		{2C6AE48F-D55D-4F78-B2A2-E796608BBA2E}.Release|x64.ActiveCfg = Release|x64
		{2C6AE48F-D55D-4F78-B2A2-E796608BBA2E}.Release|x64.Build.0 = Release|x64
		{2C6AE48F-D55D-4F78-B2A2-E796608BBA2E}.Release|x86.ActiveCfg = Release|Win32
		{2C6AE48F-D55D-4F78-B2A2-E796608BBA2E}.Release|x86.Build.0 = Release|Win32
		{E53CDD59-E344-4E51-B621-E45E66074943}.Debug|x64.ActiveCfg = Debug|x64
		{E53CDD59-E344-4E51-B621-E45E66074943}.Debug|x64.Build.0 = Debug|x64
		{E53CDD59-E344-4E51-B621-E45E66074943}.Debug|x86.ActiveCfg = Debug|Win32
		{E53CDD59-E344-4E51-B621-E45E66074943}.Debug|x86.Build.0 = Debug|Win32
		{E53CDD59-E344-4E51-B621-E45E66074943}.Release|x64.ActiveCfg = Release|x64
		{E53CDD59-E344-4E51-B621-E45E66074943}.Release|x64.Build.0 = Release|x64
		{E53CDD59-E344-4E51-B621-E45E66074943}.Release|x86.ActiveCfg = Release|Win32
		{E53CDD59-E344-4E51-B621-E45E66074943}.Release|x86.Build.0 = Release|Win32
		{CE8A522D-88CB-4908-BB9A-678A40E8C8EA}.Debug|x64.ActiveCfg = Debug|x64
		{CE8A522D-88CB-4908-BB9A-678A40E8C8EA}.Debug|x64.Build.0 = Debug|x64
		{CE8A522D-88CB-4908-BB9A-678A40E8C8EA}.Debug|x86.ActiveCfg = Debug|Win32
		{CE8A522D-88CB-4908-BB9A-678A40E8C8EA}.Debug|x86.Build.0 = Debug|Win32
		{CE8A522D-88CB-4908-BB9A-678A40E8C8EA}.Release|x64.ActiveCfg = Release|x64
		{CE8A522D-88CB-4908-BB9A-678A40E8C8EA}.Release|x64.Build.0 = Release|x64
		{CE8A522D-88CB-4908-BB9A-678A40E8C8EA}.Release|x86.ActiveCfg = Release|Win32
		{CE8A522D-88CB-4908-BB9A-678A40E8C8EA}.Release|x86.Build.0 = Release|Win32
		{AC08FE7C-F440-4EF4-A711-A7A84C9228E1}.Debug|x64.ActiveCfg = Debug|x64
		{AC08FE7C-F440-4EF4-A711-A7A84C9228E1}.Debug|x64.Build.0 = Debug|x64
		{AC08FE7C-F440-4EF4-A711-A7A84C9228E1}.Debug|x86.ActiveCfg = Debug|Win32
		{AC08FE7C-F440-4EF4-A711-A7A84C9228E1}.Debug|x86.Build.0 = Debug|Win32
		{AC08FE7C-F440-4EF4-A711-A7A84C9228E1}.Release|x64.ActiveCfg = Release|x64
		{AC08FE7C-F440-4EF4-A711-A7A84C9228E1}.Release|x64.Build.0 = Release|x64
		{AC08FE7C-F440-4EF4-A711-A7A84C9228E1}.Release|x86.ActiveCfg = Release|Win32
		{AC08FE7C-F440-4EF4-A711-A7A84C9228E1}.Release|x86.Build.0 = Release|Win32
		{6F0EDC44-3DB8-4AAD-8BC0-909E466462DE}.Debug|x64.ActiveCfg = Debug|x64
		{6F0EDC44-3DB8-4AAD-8BC0-909E466462DE}.Debug|x64.Build.0 = Debug|x64
		{6F0EDC44-3DB8-4AAD-8BC0-909E466462DE}.Debug|x86.ActiveCfg = Debug|Win32
		{6F0EDC44-3DB8-4AAD-8BC0-909E466462DE}.Debug|x86.Build.0 = Debug|Win32
		{6F0EDC44-3DB8-4AAD-8BC0-909E466462DE}.Release|x64.ActiveCfg = Release|x64
		{6F0EDC44-3DB8-4AAD-8BC0-909E466462DE}.Release|x64.Build.0 = Release|x64
		{6F0EDC44-3DB8-4AAD-8BC0-909E466462DE}.Release|x86.ActiveCfg = Release|Win32
		{6F0EDC44-3DB8-4AAD-8BC0-909E466462DE}.Release|x86.Build.0 = Release|Win32
		{8BFEF334-C64A-48A0-8BF2-11921E0442CF}.Debug|x64.ActiveCfg = Debug|x64
		{8BFEF334-C64A-48A0-8BF2-11921E0442CF}.Debug|x64.Build.0 = Debug|x64
		{8BFEF334-C64A-48A0-8BF2-11921E0442CF}.Debug|x86.ActiveCfg = Debug|Win32
		{8BFEF334-C64A-48A0-8BF2-11921E0442CF}.Debug|x86.Build.0 = Debug|Win32
		{8BFEF334-C64A-48A0-8BF2-11921E0442CF}.Release|x64.ActiveCfg = Release|x64
		{8BFEF334-C64A-48A0-8BF2-11921E0442CF}.Release|x64.Build.0 = Release|x64
		{8BFEF334-C64A-48A0-8BF2-11921E0442CF}.Release|x86.ActiveCfg = Release|Win32
		{8BFEF334-C64A-48A0-8BF2-11921E0442CF}.Release|x86.Build.0 = Release|Win32
		{98D09F47-0CB3-4593-844E-5F55B087D2A8}.Debug|x64.ActiveCfg = Debug|x64
		{98D09F47-0CB3-4593-844E-5F55B087D2A8}.Debug|x64.Build.0 = Debug|x64
		{98D09F47-0CB3-4593-844E-5F55B087D2A8}.Debug|x86.ActiveCfg = Debug|Win32
		{98D09F47-0CB3-4593-844E-5F55B087D2A8}.Debug|x86.Build.0 = Debug|Win32
		{98D09F47-0CB3-4593-844E-5F55B087D2A8}.Release|x64.ActiveCfg = Release|x64
		{98D09F47-0CB3-4593-844E-5F55B087D2A8}.Release|x64.Build.0 = Release|x64
		{98D09F47-0CB3-4593-844E-5F55B087D2A8}.Release|x86.ActiveCfg = Release|Win32
		{98D09F47-0CB3-4593-844E-5F55B087D2A8}.Release|x86.Build.0 = Release|Win32
		{811E5EDA-9170-452D-8E1A-CFE30D18FAFC}.Debug|x64.ActiveCfg = Debug|x64
		{811E5EDA-9170-452D-8E1A-CFE30D18FAFC}.Debug|x64.Build.0 = Debug|x64
		{811E5EDA-9170-452D-8E1A-CFE30D18FAFC}.Debug|x86.ActiveCfg = Debug|Win32
		{811E5EDA-9170-452D-8E1A-CFE30D18FAFC}.Debug|x86.Build.0 = Debug|Win32
		{811E5EDA-9170-452D-8E1A-CFE30D18FAFC}.Release|x64.ActiveCfg = Release|x64
		{811E5EDA-9170-452D-8E1A-CFE30D18FAFC}.Release|x64.Build.0 = Release|x64
		{811E5EDA-9170-452D-8E1A-CFE30D18FAFC}.Release|x86.ActiveCfg = Release|Win32
		{811E5EDA-9170-452D-8E1A-CFE30D18FAFC}.Release|x86.Build.0 = Release|Win32
		{43D8BCEE-B7C3-4656-907F-9B020EF3CDA8}.Debug|x64.ActiveCfg = Debug|x64
		{43D8BCEE-B7C3-4656-907F-9B020EF3CDA8}.Debug|x64.Build.0 = Debug|x64
		{43D8BCEE-B7C3-4656-907F-9B020EF3CDA8}.Debug|x86.ActiveCfg = Debug|Win32
		{43D8BCEE-B7C3-4656-907F-9B020EF3CDA8}.Debug|x86.Build.0 = Debug|Win32
		{43D8BCEE-B7C3-4656-907F-9B020EF3CDA8}.Release|x64.ActiveCfg = Release|x64
		{43D8BCEE-B7C3-4656-907F-9B020EF3CDA8}.Release|x64.Build.0 = Release|x64
		{43D8BCEE-B7C3-4656-907F-9B020EF3CDA8}.Release|x86.ActiveCfg = Release|Win32
		{43D8BCEE-B7C3-4656-907F-9B020EF3CDA8}.Release|x86.Build.0 = Release|Win32
	EndGlobalSection
	GlobalSection(SolutionProperties) = preSolution
		HideSolutionNode = FALSE
	EndGlobalSection
	GlobalSection(ExtensibilityGlobals) = postSolution
		SolutionGuid = {6D0CE1B0-48E9-4987-8F72-8F391A693B86}
	EndGlobalSection
EndGlobal
